
Microsoft Visual Studio Solution File, Format Version 12.00
# Visual Studio Version 17
VisualStudioVersion = 17.11.35312.102
MinimumVisualStudioVersion = 10.0.40219.1
Project("{FAE04EC0-301F-11D3-BF4B-00C04F79EFBC}") = "ClassLibraryDal", "ClassLibraryDal\ClassLibraryDal.csproj", "{8B066A8F-786A-4658-8499-B669B918418F}"
EndProject
Project("{FAE04EC0-301F-11D3-BF4B-00C04F79EFBC}") = "ClassLibraryModel", "ClassLibraryModel\ClassLibraryModel.csproj", "{6C1E2D1D-6F7C-4994-8552-5D316466AF30}"
EndProject
Project("{FAE04EC0-301F-11D3-BF4B-00C04F79EFBC}") = "EventManagementSystem", "EventManagementSystem\EventManagementSystem.csproj", "{3331B8F9-B456-416F-A1DA-13E1AFBB6F22}"
EndProject
Global
	GlobalSection(SolutionConfigurationPlatforms) = preSolution
		Debug|Any CPU = Debug|Any CPU
		Release|Any CPU = Release|Any CPU
	EndGlobalSection
	GlobalSection(ProjectConfigurationPlatforms) = postSolution
		{8B066A8F-786A-4658-8499-B669B918418F}.Debug|Any CPU.ActiveCfg = Debug|Any CPU
		{8B066A8F-786A-4658-8499-B669B918418F}.Debug|Any CPU.Build.0 = Debug|Any CPU
		{8B066A8F-786A-4658-8499-B669B918418F}.Release|Any CPU.ActiveCfg = Release|Any CPU
		{8B066A8F-786A-4658-8499-B669B918418F}.Release|Any CPU.Build.0 = Release|Any CPU
		{6C1E2D1D-6F7C-4994-8552-5D316466AF30}.Debug|Any CPU.ActiveCfg = Debug|Any CPU
		{6C1E2D1D-6F7C-4994-8552-5D316466AF30}.Debug|Any CPU.Build.0 = Debug|Any CPU
		{6C1E2D1D-6F7C-4994-8552-5D316466AF30}.Release|Any CPU.ActiveCfg = Release|Any CPU
		{6C1E2D1D-6F7C-4994-8552-5D316466AF30}.Release|Any CPU.Build.0 = Release|Any CPU
		{3331B8F9-B456-416F-A1DA-13E1AFBB6F22}.Debug|Any CPU.ActiveCfg = Debug|Any CPU
		{3331B8F9-B456-416F-A1DA-13E1AFBB6F22}.Debug|Any CPU.Build.0 = Debug|Any CPU
		{3331B8F9-B456-416F-A1DA-13E1AFBB6F22}.Release|Any CPU.ActiveCfg = Release|Any CPU
		{3331B8F9-B456-416F-A1DA-13E1AFBB6F22}.Release|Any CPU.Build.0 = Release|Any CPU
	EndGlobalSection
	GlobalSection(SolutionProperties) = preSolution
		HideSolutionNode = FALSE
	EndGlobalSection
	GlobalSection(ExtensibilityGlobals) = postSolution
		SolutionGuid = {1401103F-2F58-4DC3-BBCB-F0127CFEDBEF}
	EndGlobalSection
EndGlobal
